
Microsoft Visual Studio Solution File, Format Version 12.00
# Visual Studio Version 17
VisualStudioVersion = 17.4.33122.133
MinimumVisualStudioVersion = 10.0.40219.1
Project("{2150E333-8FDC-42A3-9474-1A3956D46DE8}") = "Microservices", "Microservices", "{57FBC267-44E9-41E0-8185-D100342040E5}"
EndProject
Project("{9A19103F-16F7-4668-BE54-9A1E7A4F7556}") = "DailyPlanner.API", "DailyPlanner.API\DailyPlanner.API.csproj", "{5E689836-860A-4B56-BDED-6B98C9A1776F}"
EndProject
Project("{2150E333-8FDC-42A3-9474-1A3956D46DE8}") = "DailyPlannerMs", "DailyPlannerMs", "{E962DE98-DCE8-48F6-924D-ACCCD08085F9}"
EndProject
Project("{9A19103F-16F7-4668-BE54-9A1E7A4F7556}") = "DailyPlanner.Queries", "DailyPlanner.Queries\DailyPlanner.Queries.csproj", "{3AB37651-F7BF-4EB5-96BE-4427F23F53F6}"
EndProject
Project("{9A19103F-16F7-4668-BE54-9A1E7A4F7556}") = "DailyPlanner.Repository", "DailyPlanner.Repository\DailyPlanner.Repository.csproj", "{4BEB66E9-3545-47C9-B6E1-601D1B4660EB}"
EndProject
Project("{2150E333-8FDC-42A3-9474-1A3956D46DE8}") = "DataLayer", "DataLayer", "{3872C65C-A580-4E09-A666-2278F56901D8}"
EndProject
Project("{9A19103F-16F7-4668-BE54-9A1E7A4F7556}") = "DataLayer", "DataLayer\DataLayer.csproj", "{27E64FB8-1F71-41E7-8689-BBA9891479D8}"
EndProject
Project("{9A19103F-16F7-4668-BE54-9A1E7A4F7556}") = "EFHelpers", "EFHelpers\EFHelpers.csproj", "{27C62379-0BBC-43B8-9FCE-2803699D4703}"
EndProject
Project("{2150E333-8FDC-42A3-9474-1A3956D46DE8}") = "Helpers", "Helpers", "{56903EDD-F77B-47EA-90E3-7FB0E6B162BB}"
EndProject
Project("{9A19103F-16F7-4668-BE54-9A1E7A4F7556}") = "DateTimeHelpers", "DateTimeHelpers\DateTimeHelpers.csproj", "{A5F3175F-ACC7-4E7C-9B51-B621C91B444D}"
EndProject
Project("{9A19103F-16F7-4668-BE54-9A1E7A4F7556}") = "Interfaces", "Interfaces\Interfaces.csproj", "{04828D2C-4B29-40B9-A1F2-EAB23CED7369}"
EndProject
Project("{9A19103F-16F7-4668-BE54-9A1E7A4F7556}") = "JsonHelpers", "JsonHelpers\JsonHelpers.csproj", "{600CE07B-4713-49F4-B7F7-233130192757}"
EndProject
Project("{2150E333-8FDC-42A3-9474-1A3956D46DE8}") = "DailyResultsMs", "DailyResultsMs", "{C27C3869-8E2B-4B98-80B4-8AB65F296C7F}"
EndProject
Project("{9A19103F-16F7-4668-BE54-9A1E7A4F7556}") = "DailyResults.API", "DailyResults.API\DailyResults.API.csproj", "{AEC11A94-E9DE-48EF-AB77-6E199500BE31}"
EndProject
Project("{9A19103F-16F7-4668-BE54-9A1E7A4F7556}") = "DailyResults.Queries", "DailyResults.Queries\DailyResults.Queries.csproj", "{214B471B-EC78-41CA-B7D9-F4271D353922}"
EndProject
Project("{9A19103F-16F7-4668-BE54-9A1E7A4F7556}") = "DailyResults.Repository", "DailyResults.Repository\DailyResults.Repository.csproj", "{71FD49AC-7FCD-4830-ADC9-C984EBEB1E59}"
EndProject
Project("{9A19103F-16F7-4668-BE54-9A1E7A4F7556}") = "Extensions", "Extensions\Extensions.csproj", "{548597B4-C98C-4579-8EED-7FFC84578F56}"
EndProject
Project("{2150E333-8FDC-42A3-9474-1A3956D46DE8}") = "DailyTriggerMs", "DailyTriggerMs", "{51275A87-B389-4CDD-AB4B-CB461D3977EB}"
EndProject
Project("{9A19103F-16F7-4668-BE54-9A1E7A4F7556}") = "DailyTrigger.API", "DailyTrigger.API\DailyTrigger.API.csproj", "{7C8D57B2-7862-4C12-9C91-115EF2C8EB7C}"
EndProject
Project("{9A19103F-16F7-4668-BE54-9A1E7A4F7556}") = "DailyTrigger.Queries", "DailyTrigger.Queries\DailyTrigger.Queries.csproj", "{1248D579-7683-4A43-A0B9-1EB9E39FA4A5}"
EndProject
Project("{9A19103F-16F7-4668-BE54-9A1E7A4F7556}") = "DailyTrigger.Repository", "DailyTrigger.Repository\DailyTrigger.Repository.csproj", "{985A59B7-FB5B-4E17-81D6-8F53322A7269}"
EndProject
Project("{2150E333-8FDC-42A3-9474-1A3956D46DE8}") = "DefectsMs", "DefectsMs", "{2C284216-64AF-4538-A09F-81950BA7BC5E}"
EndProject
Project("{9A19103F-16F7-4668-BE54-9A1E7A4F7556}") = "Defects.API", "Defects.API\Defects.API.csproj", "{C91CD2BE-79F2-4B1F-9F70-2816CF8A657F}"
EndProject
Project("{9A19103F-16F7-4668-BE54-9A1E7A4F7556}") = "Defects.Queries", "Defects.Queries\Defects.Queries.csproj", "{4B3E72DC-3F21-4A46-BC57-6774B4D85538}"
EndProject
Project("{9A19103F-16F7-4668-BE54-9A1E7A4F7556}") = "Defects.Repository", "Defects.Repository\Defects.Repository.csproj", "{C13B6614-0786-49C6-B35B-ED413E0C8E6B}"
EndProject
Project("{2150E333-8FDC-42A3-9474-1A3956D46DE8}") = "PeopleMs", "PeopleMs", "{241762B0-727F-4E48-AEA9-B1882A13A5A2}"
EndProject
Project("{2150E333-8FDC-42A3-9474-1A3956D46DE8}") = "PlantModelMs", "PlantModelMs", "{9C571D00-817C-4C5D-87B4-78A74174F78B}"
EndProject
Project("{2150E333-8FDC-42A3-9474-1A3956D46DE8}") = "PlannesStopMs", "PlannesStopMs", "{C1786A5F-144F-47F9-B987-49E0E991292C}"
EndProject
Project("{9A19103F-16F7-4668-BE54-9A1E7A4F7556}") = "People.API", "People.API\People.API.csproj", "{33AE99AF-35D1-48A2-91BA-AAC7CFE71ECA}"
EndProject
Project("{9A19103F-16F7-4668-BE54-9A1E7A4F7556}") = "People.Queries", "People.Queries\People.Queries.csproj", "{91784FCF-F2AC-48D4-997D-18801B8871D7}"
EndProject
Project("{9A19103F-16F7-4668-BE54-9A1E7A4F7556}") = "People.Repository", "People.Repository\People.Repository.csproj", "{15DB640C-7C52-4F84-B5B5-218E7D3878CC}"
EndProject
Project("{9A19103F-16F7-4668-BE54-9A1E7A4F7556}") = "PlannedStop.API", "PlannedStop.API\PlannedStop.API.csproj", "{D1475D4A-5250-4833-A368-423E281F1A58}"
EndProject
Project("{9A19103F-16F7-4668-BE54-9A1E7A4F7556}") = "PlannedStop.Queries", "PlannedStop.Queries\PlannedStop.Queries.csproj", "{9651571A-FF76-4F87-A152-53A7BA9AFCA1}"
EndProject
Project("{9A19103F-16F7-4668-BE54-9A1E7A4F7556}") = "PlantModel.API", "PlantModel.API\PlantModel.API.csproj", "{F20BE3D9-4831-40D3-8CAC-CB15DDBDFE6B}"
EndProject
Project("{9A19103F-16F7-4668-BE54-9A1E7A4F7556}") = "PlantModel.Queries", "PlantModel.Queries\PlantModel.Queries.csproj", "{20E0FC11-0B7E-4790-A4C6-62296A417CDF}"
EndProject
Project("{9A19103F-16F7-4668-BE54-9A1E7A4F7556}") = "PlantModel.Repository", "PlantModel.Repository\PlantModel.Repository.csproj", "{13668639-15C4-46AF-B391-986A118AED08}"
EndProject
Project("{2150E333-8FDC-42A3-9474-1A3956D46DE8}") = "ZoneTriggerMs", "ZoneTriggerMs", "{14E62EEA-6468-4E95-9B68-DBD6055522D3}"
EndProject
Project("{9A19103F-16F7-4668-BE54-9A1E7A4F7556}") = "ZoneTrigger.API", "ZoneTrigger.API\ZoneTrigger.API.csproj", "{8F5EDDAE-822E-4D0E-928E-0799B2828ADF}"
EndProject
Project("{9A19103F-16F7-4668-BE54-9A1E7A4F7556}") = "ZoneTrigger.Queries", "ZoneTrigger.Queries\ZoneTrigger.Queries.csproj", "{A70D1DFC-E084-496C-BD4F-C8033F388783}"
EndProject
Project("{9A19103F-16F7-4668-BE54-9A1E7A4F7556}") = "ZoneTrigger.Repository", "ZoneTrigger.Repository\ZoneTrigger.Repository.csproj", "{989E2D22-BB88-4E1B-A483-B373A819E009}"
EndProject
Project("{2150E333-8FDC-42A3-9474-1A3956D46DE8}") = "WebApps", "WebApps", "{89B3DBDB-DF1F-469D-999E-7FFB3F1299BA}"
EndProject
Project("{2150E333-8FDC-42A3-9474-1A3956D46DE8}") = "Services", "Services", "{6147145D-DC6C-42F1-A49D-6E01823528FA}"
EndProject
Project("{2150E333-8FDC-42A3-9474-1A3956D46DE8}") = "eDDS WebApp", "eDDS WebApp", "{23679F9F-6F6D-4695-8303-71920017E81A}"
EndProject
Project("{2150E333-8FDC-42A3-9474-1A3956D46DE8}") = "BlazorComponents", "BlazorComponents", "{9DD68305-B90B-4B7E-8941-84F06FB72D2E}"
EndProject
Project("{9A19103F-16F7-4668-BE54-9A1E7A4F7556}") = "eDDS.WebTool", "eDDS WebApp\eDDS.WebTool.csproj", "{31D5F5D5-B3AF-417F-B993-DD1C881C09D2}"
EndProject
Project("{9A19103F-16F7-4668-BE54-9A1E7A4F7556}") = "AllLevelPicker", "BlazorComponents\AllLevelPicker\AllLevelPicker.csproj", "{FA994155-65C6-434D-996F-04FBC6F37F44}"
EndProject
Project("{9A19103F-16F7-4668-BE54-9A1E7A4F7556}") = "CilTaskEditor", "BlazorComponents\CilTaskEditor\CilTaskEditor.csproj", "{ED4BF779-CD97-439E-9D2F-32985A6C8E1F}"
EndProject
Project("{9A19103F-16F7-4668-BE54-9A1E7A4F7556}") = "ClTaskEditor", "BlazorComponents\ClTaskEditor\ClTaskEditor.csproj", "{4E8FFB18-6D50-4897-9405-6ACABCBF5C7E}"
EndProject
Project("{9A19103F-16F7-4668-BE54-9A1E7A4F7556}") = "DailyPlanEditor", "BlazorComponents\DailyPlanEditor\DailyPlanEditor.csproj", "{AF399852-B3C5-45D4-95C9-AC124459531B}"
EndProject
Project("{9A19103F-16F7-4668-BE54-9A1E7A4F7556}") = "DailyTriggerQuestionEditor", "BlazorComponents\DailyTriggerQuestionEditor\DailyTriggerQuestionEditor.csproj", "{6304ED60-B758-44A4-8566-E89418585929}"
EndProject
Project("{9A19103F-16F7-4668-BE54-9A1E7A4F7556}") = "DefectEditor", "BlazorComponents\DefectEditor\DefectEditor.csproj", "{40A7ABC0-A99C-4C69-AC62-145C6B5479A4}"
EndProject
Project("{9A19103F-16F7-4668-BE54-9A1E7A4F7556}") = "DefectPicker", "BlazorComponents\DefectPicker\DefectPicker.csproj", "{9A40896B-DF60-428A-8189-E89740D83694}"
EndProject
Project("{9A19103F-16F7-4668-BE54-9A1E7A4F7556}") = "DepartmentPicker", "BlazorComponents\DepartmentPicker\DepartmentPicker.csproj", "{1851BA3C-5A08-40C2-ACD5-C8DD234DE587}"
EndProject
Project("{9A19103F-16F7-4668-BE54-9A1E7A4F7556}") = "LineAreaPicker", "BlazorComponents\LineAreaPicker\LineAreaPicker.csproj", "{F0AFECF2-B1DA-4E4C-BF29-71247021BA81}"
EndProject
Project("{9A19103F-16F7-4668-BE54-9A1E7A4F7556}") = "OtherTaskEditor", "BlazorComponents\OtherTaskEditor\OtherTaskEditor.csproj", "{92783B26-15DB-4AAD-A080-E9B8FDA17283}"
EndProject
Project("{9A19103F-16F7-4668-BE54-9A1E7A4F7556}") = "PersonEditorModal", "BlazorComponents\PersonEditorModal\PersonEditorModal.csproj", "{F6358447-6253-4F33-9B3A-F011406FF19D}"
EndProject
Project("{9A19103F-16F7-4668-BE54-9A1E7A4F7556}") = "PersonPicker", "BlazorComponents\PersonPicker\PersonPicker.csproj", "{70403411-0F4A-4123-8F66-49DE01620F42}"
EndProject
Project("{9A19103F-16F7-4668-BE54-9A1E7A4F7556}") = "PlannedStopPicker", "BlazorComponents\PlannedStopPicker\PlannedStopPicker.csproj", "{D87ED95B-AB77-4846-AE21-526D4865DD92}"
EndProject
Project("{9A19103F-16F7-4668-BE54-9A1E7A4F7556}") = "PlannedTaskEditorBase", "BlazorComponents\PlannedTaskEditorBase\PlannedTaskEditorBase.csproj", "{ADB02C4B-DC24-4F6D-96BE-08B9C4CA022B}"
EndProject
Project("{9A19103F-16F7-4668-BE54-9A1E7A4F7556}") = "PlantPicker", "BlazorComponents\PlantPicker\PlantPicker.csproj", "{BE75250D-B9DB-4528-A9ED-6AE99C9F3801}"
EndProject
Project("{9A19103F-16F7-4668-BE54-9A1E7A4F7556}") = "PmTaskEditor", "BlazorComponents\PmTaskEditor\PmTaskEditor.csproj", "{37DE752A-DE11-4847-9FF6-ECDC49C52447}"
EndProject
Project("{9A19103F-16F7-4668-BE54-9A1E7A4F7556}") = "ProductionLinePicker", "BlazorComponents\ProductionLinePicker\ProductionLinePicker.csproj", "{4395159F-9B2A-498F-867A-32A7D5F0E251}"
EndProject
Project("{9A19103F-16F7-4668-BE54-9A1E7A4F7556}") = "SafetyZoneQuestionEditor", "BlazorComponents\SafetyZoneQuestionEditor\SafetyZoneQuestionEditor.csproj", "{D95DC62C-52A7-4666-8043-21AACF8D9FE2}"
EndProject
Project("{9A19103F-16F7-4668-BE54-9A1E7A4F7556}") = "ValueStreamPicker", "BlazorComponents\ValueStreamPicker\ValueStreamPicker.csproj", "{4B6FA411-BA88-47A6-8FD5-662E0D5D630D}"
EndProject
Project("{9A19103F-16F7-4668-BE54-9A1E7A4F7556}") = "DailyPlanService", "Services\DailyPlanService\DailyPlanService.csproj", "{3272815B-8FC4-436B-BB50-CFFE662606A9}"
EndProject
Project("{9A19103F-16F7-4668-BE54-9A1E7A4F7556}") = "DailyResultsService", "Services\DailyResultsService\DailyResultsService.csproj", "{388B7199-2856-4896-A2CE-552D669343BD}"
EndProject
Project("{9A19103F-16F7-4668-BE54-9A1E7A4F7556}") = "DailyTriggerService", "Services\DailyTriggerService\DailyTriggerService.csproj", "{17994D57-D08D-4ABB-9E60-BCCDACB7488A}"
EndProject
Project("{9A19103F-16F7-4668-BE54-9A1E7A4F7556}") = "DefectService", "Services\DefectService\DefectService.csproj", "{9A77CCA8-6B76-4E5E-8069-3A7A2DFC311F}"
EndProject
Project("{9A19103F-16F7-4668-BE54-9A1E7A4F7556}") = "DepartmentService", "Services\DepartmentService\DepartmentService.csproj", "{0CE319EB-DE8D-4334-A780-7ED947551546}"
EndProject
Project("{9A19103F-16F7-4668-BE54-9A1E7A4F7556}") = "LineAreaService", "Services\LineAreaService\LineAreaService.csproj", "{9AE23463-DA77-4ABC-A8D3-74129EB51392}"
EndProject
Project("{9A19103F-16F7-4668-BE54-9A1E7A4F7556}") = "PeopleService", "Services\PeopleService\PeopleService.csproj", "{73BCA928-3DF4-4DC8-B527-1CB08A6B70EF}"
EndProject
Project("{9A19103F-16F7-4668-BE54-9A1E7A4F7556}") = "PlannedStopService", "Services\PlannedStopService\PlannedStopService.csproj", "{1ABEAB69-0CC5-4EA4-A386-51D622EB25FF}"
EndProject
Project("{9A19103F-16F7-4668-BE54-9A1E7A4F7556}") = "PlantService", "Services\PlantService\PlantService.csproj", "{B1EE7148-5A11-455E-BFC5-F066938383A6}"
EndProject
Project("{9A19103F-16F7-4668-BE54-9A1E7A4F7556}") = "ProductionLineService", "Services\ProductionLineService\ProductionLineService.csproj", "{E4F5B963-8BFF-4D33-B5E5-63D7936C8DC0}"
EndProject
Project("{9A19103F-16F7-4668-BE54-9A1E7A4F7556}") = "ValueStreamService", "Services\ValueStreamService\ValueStreamService.csproj", "{0DE822D9-B1CC-4986-AE41-EE3EABA5A53A}"
EndProject
Project("{9A19103F-16F7-4668-BE54-9A1E7A4F7556}") = "ZoneTriggerService", "Services\ZoneTriggerService\ZoneTriggerService.csproj", "{7E59C3C8-4DC7-4CDD-9A4C-0EC0BD22CED6}"
EndProject
Project("{9A19103F-16F7-4668-BE54-9A1E7A4F7556}") = "DTOs", "Services\DTOs\DTOs.csproj", "{7FEFF454-DF34-4A84-A6C4-87E6ED3E4CE3}"
EndProject
Project("{9A19103F-16F7-4668-BE54-9A1E7A4F7556}") = "ClientNames", "Services\ClientNames\ClientNames.csproj", "{ACFD0329-461A-4070-BBB0-8CA897D9E090}"
EndProject
Project("{9A19103F-16F7-4668-BE54-9A1E7A4F7556}") = "PlannedStop.Repository", "PlannedStop.Repository\PlannedStop.Repository.csproj", "{858A0536-8AF5-4960-BC86-4C1B464EC69B}"
EndProject
Project("{9A19103F-16F7-4668-BE54-9A1E7A4F7556}") = "ModalBaseLibrary", "BlazorComponents\ModalBaseLibrary\ModalBaseLibrary.csproj", "{5D26EB9D-F3E1-4F51-AB00-8980CF90B6BF}"
EndProject
Project("{9A19103F-16F7-4668-BE54-9A1E7A4F7556}") = "TimePicker", "BlazorComponents\TimePicker\TimePicker.csproj", "{6BBDA219-AA1C-4FD9-8A4A-F4C69A5D332E}"
EndProject
Project("{9A19103F-16F7-4668-BE54-9A1E7A4F7556}") = "GenericHelpersLibrary", "GenericHelpersLibrary\GenericHelpersLibrary.csproj", "{10F39BCA-620E-4F17-9A39-515FE73E5E33}"
EndProject
Project("{9A19103F-16F7-4668-BE54-9A1E7A4F7556}") = "DatePicker", "BlazorComponents\DatePicker\DatePicker.csproj", "{40BC5C93-71D9-45D8-B3B5-8C54D09AAEC9}"
EndProject
Project("{2150E333-8FDC-42A3-9474-1A3956D46DE8}") = "TechnicalAssessment", "TechnicalAssessment", "{E826A0CC-EF33-42ED-A198-AA4F97551D10}"
EndProject
Project("{9A19103F-16F7-4668-BE54-9A1E7A4F7556}") = "TechnicalAssessment.WebTool", "..\..\Downloads\source Backup (1)\source Backup\source\repos\MapaexNewbridge\Tech Assy\TechnicalAssessment.WebTool\TechnicalAssessment.WebTool.csproj", "{0F09107C-8A4D-4112-A0D2-3ECD79D2CEED}"
EndProject
Project("{2150E333-8FDC-42A3-9474-1A3956D46DE8}") = "TechnicalAssessmentMs", "TechnicalAssessmentMs", "{D4E254A9-4594-4888-A486-13D0EA2EC556}"
EndProject
Project("{FAE04EC0-301F-11D3-BF4B-00C04F79EFBC}") = "TechnicalAssessment.API", "TechnicalAssessment.API\TechnicalAssessment.API.csproj", "{846C48A7-E3D3-4433-BC81-FD8D6604F5C3}"
EndProject
Project("{FAE04EC0-301F-11D3-BF4B-00C04F79EFBC}") = "TechnicalAssessment.Queries", "TechnicalAssessment.Queries\TechnicalAssessment.Queries.csproj", "{92E8302D-49C8-40C2-B2CF-38ECD16FFC20}"
EndProject
Project("{FAE04EC0-301F-11D3-BF4B-00C04F79EFBC}") = "TechnicalAssessment.Repository", "TechnicalAssessment.Repository\TechnicalAssessment.Repository.csproj", "{EA59AC54-859A-46FE-A0D3-B805BC3CBA9D}"
EndProject
Global
	GlobalSection(SolutionConfigurationPlatforms) = preSolution
		Debug|Any CPU = Debug|Any CPU
		Release|Any CPU = Release|Any CPU
	EndGlobalSection
	GlobalSection(ProjectConfigurationPlatforms) = postSolution
		{5E689836-860A-4B56-BDED-6B98C9A1776F}.Debug|Any CPU.ActiveCfg = Debug|Any CPU
		{5E689836-860A-4B56-BDED-6B98C9A1776F}.Debug|Any CPU.Build.0 = Debug|Any CPU
		{5E689836-860A-4B56-BDED-6B98C9A1776F}.Release|Any CPU.ActiveCfg = Release|Any CPU
		{5E689836-860A-4B56-BDED-6B98C9A1776F}.Release|Any CPU.Build.0 = Release|Any CPU
		{3AB37651-F7BF-4EB5-96BE-4427F23F53F6}.Debug|Any CPU.ActiveCfg = Debug|Any CPU
		{3AB37651-F7BF-4EB5-96BE-4427F23F53F6}.Debug|Any CPU.Build.0 = Debug|Any CPU
		{3AB37651-F7BF-4EB5-96BE-4427F23F53F6}.Release|Any CPU.ActiveCfg = Release|Any CPU
		{3AB37651-F7BF-4EB5-96BE-4427F23F53F6}.Release|Any CPU.Build.0 = Release|Any CPU
		{4BEB66E9-3545-47C9-B6E1-601D1B4660EB}.Debug|Any CPU.ActiveCfg = Debug|Any CPU
		{4BEB66E9-3545-47C9-B6E1-601D1B4660EB}.Debug|Any CPU.Build.0 = Debug|Any CPU
		{4BEB66E9-3545-47C9-B6E1-601D1B4660EB}.Release|Any CPU.ActiveCfg = Release|Any CPU
		{4BEB66E9-3545-47C9-B6E1-601D1B4660EB}.Release|Any CPU.Build.0 = Release|Any CPU
		{27E64FB8-1F71-41E7-8689-BBA9891479D8}.Debug|Any CPU.ActiveCfg = Debug|Any CPU
		{27E64FB8-1F71-41E7-8689-BBA9891479D8}.Debug|Any CPU.Build.0 = Debug|Any CPU
		{27E64FB8-1F71-41E7-8689-BBA9891479D8}.Release|Any CPU.ActiveCfg = Release|Any CPU
		{27E64FB8-1F71-41E7-8689-BBA9891479D8}.Release|Any CPU.Build.0 = Release|Any CPU
		{27C62379-0BBC-43B8-9FCE-2803699D4703}.Debug|Any CPU.ActiveCfg = Debug|Any CPU
		{27C62379-0BBC-43B8-9FCE-2803699D4703}.Debug|Any CPU.Build.0 = Debug|Any CPU
		{27C62379-0BBC-43B8-9FCE-2803699D4703}.Release|Any CPU.ActiveCfg = Release|Any CPU
		{27C62379-0BBC-43B8-9FCE-2803699D4703}.Release|Any CPU.Build.0 = Release|Any CPU
		{A5F3175F-ACC7-4E7C-9B51-B621C91B444D}.Debug|Any CPU.ActiveCfg = Debug|Any CPU
		{A5F3175F-ACC7-4E7C-9B51-B621C91B444D}.Debug|Any CPU.Build.0 = Debug|Any CPU
		{A5F3175F-ACC7-4E7C-9B51-B621C91B444D}.Release|Any CPU.ActiveCfg = Release|Any CPU
		{A5F3175F-ACC7-4E7C-9B51-B621C91B444D}.Release|Any CPU.Build.0 = Release|Any CPU
		{04828D2C-4B29-40B9-A1F2-EAB23CED7369}.Debug|Any CPU.ActiveCfg = Debug|Any CPU
		{04828D2C-4B29-40B9-A1F2-EAB23CED7369}.Debug|Any CPU.Build.0 = Debug|Any CPU
		{04828D2C-4B29-40B9-A1F2-EAB23CED7369}.Release|Any CPU.ActiveCfg = Release|Any CPU
		{04828D2C-4B29-40B9-A1F2-EAB23CED7369}.Release|Any CPU.Build.0 = Release|Any CPU
		{600CE07B-4713-49F4-B7F7-233130192757}.Debug|Any CPU.ActiveCfg = Debug|Any CPU
		{600CE07B-4713-49F4-B7F7-233130192757}.Debug|Any CPU.Build.0 = Debug|Any CPU
		{600CE07B-4713-49F4-B7F7-233130192757}.Release|Any CPU.ActiveCfg = Release|Any CPU
		{600CE07B-4713-49F4-B7F7-233130192757}.Release|Any CPU.Build.0 = Release|Any CPU
		{AEC11A94-E9DE-48EF-AB77-6E199500BE31}.Debug|Any CPU.ActiveCfg = Debug|Any CPU
		{AEC11A94-E9DE-48EF-AB77-6E199500BE31}.Debug|Any CPU.Build.0 = Debug|Any CPU
		{AEC11A94-E9DE-48EF-AB77-6E199500BE31}.Release|Any CPU.ActiveCfg = Release|Any CPU
		{AEC11A94-E9DE-48EF-AB77-6E199500BE31}.Release|Any CPU.Build.0 = Release|Any CPU
		{214B471B-EC78-41CA-B7D9-F4271D353922}.Debug|Any CPU.ActiveCfg = Debug|Any CPU
		{214B471B-EC78-41CA-B7D9-F4271D353922}.Debug|Any CPU.Build.0 = Debug|Any CPU
		{214B471B-EC78-41CA-B7D9-F4271D353922}.Release|Any CPU.ActiveCfg = Release|Any CPU
		{214B471B-EC78-41CA-B7D9-F4271D353922}.Release|Any CPU.Build.0 = Release|Any CPU
		{71FD49AC-7FCD-4830-ADC9-C984EBEB1E59}.Debug|Any CPU.ActiveCfg = Debug|Any CPU
		{71FD49AC-7FCD-4830-ADC9-C984EBEB1E59}.Debug|Any CPU.Build.0 = Debug|Any CPU
		{71FD49AC-7FCD-4830-ADC9-C984EBEB1E59}.Release|Any CPU.ActiveCfg = Release|Any CPU
		{71FD49AC-7FCD-4830-ADC9-C984EBEB1E59}.Release|Any CPU.Build.0 = Release|Any CPU
		{548597B4-C98C-4579-8EED-7FFC84578F56}.Debug|Any CPU.ActiveCfg = Debug|Any CPU
		{548597B4-C98C-4579-8EED-7FFC84578F56}.Debug|Any CPU.Build.0 = Debug|Any CPU
		{548597B4-C98C-4579-8EED-7FFC84578F56}.Release|Any CPU.ActiveCfg = Release|Any CPU
		{548597B4-C98C-4579-8EED-7FFC84578F56}.Release|Any CPU.Build.0 = Release|Any CPU
		{7C8D57B2-7862-4C12-9C91-115EF2C8EB7C}.Debug|Any CPU.ActiveCfg = Debug|Any CPU
		{7C8D57B2-7862-4C12-9C91-115EF2C8EB7C}.Debug|Any CPU.Build.0 = Debug|Any CPU
		{7C8D57B2-7862-4C12-9C91-115EF2C8EB7C}.Release|Any CPU.ActiveCfg = Release|Any CPU
		{7C8D57B2-7862-4C12-9C91-115EF2C8EB7C}.Release|Any CPU.Build.0 = Release|Any CPU
		{1248D579-7683-4A43-A0B9-1EB9E39FA4A5}.Debug|Any CPU.ActiveCfg = Debug|Any CPU
		{1248D579-7683-4A43-A0B9-1EB9E39FA4A5}.Debug|Any CPU.Build.0 = Debug|Any CPU
		{1248D579-7683-4A43-A0B9-1EB9E39FA4A5}.Release|Any CPU.ActiveCfg = Release|Any CPU
		{1248D579-7683-4A43-A0B9-1EB9E39FA4A5}.Release|Any CPU.Build.0 = Release|Any CPU
		{985A59B7-FB5B-4E17-81D6-8F53322A7269}.Debug|Any CPU.ActiveCfg = Debug|Any CPU
		{985A59B7-FB5B-4E17-81D6-8F53322A7269}.Debug|Any CPU.Build.0 = Debug|Any CPU
		{985A59B7-FB5B-4E17-81D6-8F53322A7269}.Release|Any CPU.ActiveCfg = Release|Any CPU
		{985A59B7-FB5B-4E17-81D6-8F53322A7269}.Release|Any CPU.Build.0 = Release|Any CPU
		{C91CD2BE-79F2-4B1F-9F70-2816CF8A657F}.Debug|Any CPU.ActiveCfg = Debug|Any CPU
		{C91CD2BE-79F2-4B1F-9F70-2816CF8A657F}.Debug|Any CPU.Build.0 = Debug|Any CPU
		{C91CD2BE-79F2-4B1F-9F70-2816CF8A657F}.Release|Any CPU.ActiveCfg = Release|Any CPU
		{C91CD2BE-79F2-4B1F-9F70-2816CF8A657F}.Release|Any CPU.Build.0 = Release|Any CPU
		{4B3E72DC-3F21-4A46-BC57-6774B4D85538}.Debug|Any CPU.ActiveCfg = Debug|Any CPU
		{4B3E72DC-3F21-4A46-BC57-6774B4D85538}.Debug|Any CPU.Build.0 = Debug|Any CPU
		{4B3E72DC-3F21-4A46-BC57-6774B4D85538}.Release|Any CPU.ActiveCfg = Release|Any CPU
		{4B3E72DC-3F21-4A46-BC57-6774B4D85538}.Release|Any CPU.Build.0 = Release|Any CPU
		{C13B6614-0786-49C6-B35B-ED413E0C8E6B}.Debug|Any CPU.ActiveCfg = Debug|Any CPU
		{C13B6614-0786-49C6-B35B-ED413E0C8E6B}.Debug|Any CPU.Build.0 = Debug|Any CPU
		{C13B6614-0786-49C6-B35B-ED413E0C8E6B}.Release|Any CPU.ActiveCfg = Release|Any CPU
		{C13B6614-0786-49C6-B35B-ED413E0C8E6B}.Release|Any CPU.Build.0 = Release|Any CPU
		{33AE99AF-35D1-48A2-91BA-AAC7CFE71ECA}.Debug|Any CPU.ActiveCfg = Debug|Any CPU
		{33AE99AF-35D1-48A2-91BA-AAC7CFE71ECA}.Debug|Any CPU.Build.0 = Debug|Any CPU
		{33AE99AF-35D1-48A2-91BA-AAC7CFE71ECA}.Release|Any CPU.ActiveCfg = Release|Any CPU
		{33AE99AF-35D1-48A2-91BA-AAC7CFE71ECA}.Release|Any CPU.Build.0 = Release|Any CPU
		{91784FCF-F2AC-48D4-997D-18801B8871D7}.Debug|Any CPU.ActiveCfg = Debug|Any CPU
		{91784FCF-F2AC-48D4-997D-18801B8871D7}.Debug|Any CPU.Build.0 = Debug|Any CPU
		{91784FCF-F2AC-48D4-997D-18801B8871D7}.Release|Any CPU.ActiveCfg = Release|Any CPU
		{91784FCF-F2AC-48D4-997D-18801B8871D7}.Release|Any CPU.Build.0 = Release|Any CPU
		{15DB640C-7C52-4F84-B5B5-218E7D3878CC}.Debug|Any CPU.ActiveCfg = Debug|Any CPU
		{15DB640C-7C52-4F84-B5B5-218E7D3878CC}.Debug|Any CPU.Build.0 = Debug|Any CPU
		{15DB640C-7C52-4F84-B5B5-218E7D3878CC}.Release|Any CPU.ActiveCfg = Release|Any CPU
		{15DB640C-7C52-4F84-B5B5-218E7D3878CC}.Release|Any CPU.Build.0 = Release|Any CPU
		{D1475D4A-5250-4833-A368-423E281F1A58}.Debug|Any CPU.ActiveCfg = Debug|Any CPU
		{D1475D4A-5250-4833-A368-423E281F1A58}.Debug|Any CPU.Build.0 = Debug|Any CPU
		{D1475D4A-5250-4833-A368-423E281F1A58}.Release|Any CPU.ActiveCfg = Release|Any CPU
		{D1475D4A-5250-4833-A368-423E281F1A58}.Release|Any CPU.Build.0 = Release|Any CPU
		{9651571A-FF76-4F87-A152-53A7BA9AFCA1}.Debug|Any CPU.ActiveCfg = Debug|Any CPU
		{9651571A-FF76-4F87-A152-53A7BA9AFCA1}.Debug|Any CPU.Build.0 = Debug|Any CPU
		{9651571A-FF76-4F87-A152-53A7BA9AFCA1}.Release|Any CPU.ActiveCfg = Release|Any CPU
		{9651571A-FF76-4F87-A152-53A7BA9AFCA1}.Release|Any CPU.Build.0 = Release|Any CPU
		{F20BE3D9-4831-40D3-8CAC-CB15DDBDFE6B}.Debug|Any CPU.ActiveCfg = Debug|Any CPU
		{F20BE3D9-4831-40D3-8CAC-CB15DDBDFE6B}.Debug|Any CPU.Build.0 = Debug|Any CPU
		{F20BE3D9-4831-40D3-8CAC-CB15DDBDFE6B}.Release|Any CPU.ActiveCfg = Release|Any CPU
		{F20BE3D9-4831-40D3-8CAC-CB15DDBDFE6B}.Release|Any CPU.Build.0 = Release|Any CPU
		{20E0FC11-0B7E-4790-A4C6-62296A417CDF}.Debug|Any CPU.ActiveCfg = Debug|Any CPU
		{20E0FC11-0B7E-4790-A4C6-62296A417CDF}.Debug|Any CPU.Build.0 = Debug|Any CPU
		{20E0FC11-0B7E-4790-A4C6-62296A417CDF}.Release|Any CPU.ActiveCfg = Release|Any CPU
		{20E0FC11-0B7E-4790-A4C6-62296A417CDF}.Release|Any CPU.Build.0 = Release|Any CPU
		{13668639-15C4-46AF-B391-986A118AED08}.Debug|Any CPU.ActiveCfg = Debug|Any CPU
		{13668639-15C4-46AF-B391-986A118AED08}.Debug|Any CPU.Build.0 = Debug|Any CPU
		{13668639-15C4-46AF-B391-986A118AED08}.Release|Any CPU.ActiveCfg = Release|Any CPU
		{13668639-15C4-46AF-B391-986A118AED08}.Release|Any CPU.Build.0 = Release|Any CPU
		{8F5EDDAE-822E-4D0E-928E-0799B2828ADF}.Debug|Any CPU.ActiveCfg = Debug|Any CPU
		{8F5EDDAE-822E-4D0E-928E-0799B2828ADF}.Debug|Any CPU.Build.0 = Debug|Any CPU
		{8F5EDDAE-822E-4D0E-928E-0799B2828ADF}.Release|Any CPU.ActiveCfg = Release|Any CPU
		{8F5EDDAE-822E-4D0E-928E-0799B2828ADF}.Release|Any CPU.Build.0 = Release|Any CPU
		{A70D1DFC-E084-496C-BD4F-C8033F388783}.Debug|Any CPU.ActiveCfg = Debug|Any CPU
		{A70D1DFC-E084-496C-BD4F-C8033F388783}.Debug|Any CPU.Build.0 = Debug|Any CPU
		{A70D1DFC-E084-496C-BD4F-C8033F388783}.Release|Any CPU.ActiveCfg = Release|Any CPU
		{A70D1DFC-E084-496C-BD4F-C8033F388783}.Release|Any CPU.Build.0 = Release|Any CPU
		{989E2D22-BB88-4E1B-A483-B373A819E009}.Debug|Any CPU.ActiveCfg = Debug|Any CPU
		{989E2D22-BB88-4E1B-A483-B373A819E009}.Debug|Any CPU.Build.0 = Debug|Any CPU
		{989E2D22-BB88-4E1B-A483-B373A819E009}.Release|Any CPU.ActiveCfg = Release|Any CPU
		{989E2D22-BB88-4E1B-A483-B373A819E009}.Release|Any CPU.Build.0 = Release|Any CPU
		{31D5F5D5-B3AF-417F-B993-DD1C881C09D2}.Debug|Any CPU.ActiveCfg = Debug|Any CPU
		{31D5F5D5-B3AF-417F-B993-DD1C881C09D2}.Debug|Any CPU.Build.0 = Debug|Any CPU
		{31D5F5D5-B3AF-417F-B993-DD1C881C09D2}.Release|Any CPU.ActiveCfg = Release|Any CPU
		{31D5F5D5-B3AF-417F-B993-DD1C881C09D2}.Release|Any CPU.Build.0 = Release|Any CPU
		{FA994155-65C6-434D-996F-04FBC6F37F44}.Debug|Any CPU.ActiveCfg = Debug|Any CPU
		{FA994155-65C6-434D-996F-04FBC6F37F44}.Debug|Any CPU.Build.0 = Debug|Any CPU
		{FA994155-65C6-434D-996F-04FBC6F37F44}.Release|Any CPU.ActiveCfg = Release|Any CPU
		{FA994155-65C6-434D-996F-04FBC6F37F44}.Release|Any CPU.Build.0 = Release|Any CPU
		{ED4BF779-CD97-439E-9D2F-32985A6C8E1F}.Debug|Any CPU.ActiveCfg = Debug|Any CPU
		{ED4BF779-CD97-439E-9D2F-32985A6C8E1F}.Debug|Any CPU.Build.0 = Debug|Any CPU
		{ED4BF779-CD97-439E-9D2F-32985A6C8E1F}.Release|Any CPU.ActiveCfg = Release|Any CPU
		{ED4BF779-CD97-439E-9D2F-32985A6C8E1F}.Release|Any CPU.Build.0 = Release|Any CPU
		{4E8FFB18-6D50-4897-9405-6ACABCBF5C7E}.Debug|Any CPU.ActiveCfg = Debug|Any CPU
		{4E8FFB18-6D50-4897-9405-6ACABCBF5C7E}.Debug|Any CPU.Build.0 = Debug|Any CPU
		{4E8FFB18-6D50-4897-9405-6ACABCBF5C7E}.Release|Any CPU.ActiveCfg = Release|Any CPU
		{4E8FFB18-6D50-4897-9405-6ACABCBF5C7E}.Release|Any CPU.Build.0 = Release|Any CPU
		{AF399852-B3C5-45D4-95C9-AC124459531B}.Debug|Any CPU.ActiveCfg = Debug|Any CPU
		{AF399852-B3C5-45D4-95C9-AC124459531B}.Debug|Any CPU.Build.0 = Debug|Any CPU
		{AF399852-B3C5-45D4-95C9-AC124459531B}.Release|Any CPU.ActiveCfg = Release|Any CPU
		{AF399852-B3C5-45D4-95C9-AC124459531B}.Release|Any CPU.Build.0 = Release|Any CPU
		{6304ED60-B758-44A4-8566-E89418585929}.Debug|Any CPU.ActiveCfg = Debug|Any CPU
		{6304ED60-B758-44A4-8566-E89418585929}.Debug|Any CPU.Build.0 = Debug|Any CPU
		{6304ED60-B758-44A4-8566-E89418585929}.Release|Any CPU.ActiveCfg = Release|Any CPU
		{6304ED60-B758-44A4-8566-E89418585929}.Release|Any CPU.Build.0 = Release|Any CPU
		{40A7ABC0-A99C-4C69-AC62-145C6B5479A4}.Debug|Any CPU.ActiveCfg = Debug|Any CPU
		{40A7ABC0-A99C-4C69-AC62-145C6B5479A4}.Debug|Any CPU.Build.0 = Debug|Any CPU
		{40A7ABC0-A99C-4C69-AC62-145C6B5479A4}.Release|Any CPU.ActiveCfg = Release|Any CPU
		{40A7ABC0-A99C-4C69-AC62-145C6B5479A4}.Release|Any CPU.Build.0 = Release|Any CPU
		{9A40896B-DF60-428A-8189-E89740D83694}.Debug|Any CPU.ActiveCfg = Debug|Any CPU
		{9A40896B-DF60-428A-8189-E89740D83694}.Debug|Any CPU.Build.0 = Debug|Any CPU
		{9A40896B-DF60-428A-8189-E89740D83694}.Release|Any CPU.ActiveCfg = Release|Any CPU
		{9A40896B-DF60-428A-8189-E89740D83694}.Release|Any CPU.Build.0 = Release|Any CPU
		{1851BA3C-5A08-40C2-ACD5-C8DD234DE587}.Debug|Any CPU.ActiveCfg = Debug|Any CPU
		{1851BA3C-5A08-40C2-ACD5-C8DD234DE587}.Debug|Any CPU.Build.0 = Debug|Any CPU
		{1851BA3C-5A08-40C2-ACD5-C8DD234DE587}.Release|Any CPU.ActiveCfg = Release|Any CPU
		{1851BA3C-5A08-40C2-ACD5-C8DD234DE587}.Release|Any CPU.Build.0 = Release|Any CPU
		{F0AFECF2-B1DA-4E4C-BF29-71247021BA81}.Debug|Any CPU.ActiveCfg = Debug|Any CPU
		{F0AFECF2-B1DA-4E4C-BF29-71247021BA81}.Debug|Any CPU.Build.0 = Debug|Any CPU
		{F0AFECF2-B1DA-4E4C-BF29-71247021BA81}.Release|Any CPU.ActiveCfg = Release|Any CPU
		{F0AFECF2-B1DA-4E4C-BF29-71247021BA81}.Release|Any CPU.Build.0 = Release|Any CPU
		{92783B26-15DB-4AAD-A080-E9B8FDA17283}.Debug|Any CPU.ActiveCfg = Debug|Any CPU
		{92783B26-15DB-4AAD-A080-E9B8FDA17283}.Debug|Any CPU.Build.0 = Debug|Any CPU
		{92783B26-15DB-4AAD-A080-E9B8FDA17283}.Release|Any CPU.ActiveCfg = Release|Any CPU
		{92783B26-15DB-4AAD-A080-E9B8FDA17283}.Release|Any CPU.Build.0 = Release|Any CPU
		{F6358447-6253-4F33-9B3A-F011406FF19D}.Debug|Any CPU.ActiveCfg = Debug|Any CPU
		{F6358447-6253-4F33-9B3A-F011406FF19D}.Debug|Any CPU.Build.0 = Debug|Any CPU
		{F6358447-6253-4F33-9B3A-F011406FF19D}.Release|Any CPU.ActiveCfg = Release|Any CPU
		{F6358447-6253-4F33-9B3A-F011406FF19D}.Release|Any CPU.Build.0 = Release|Any CPU
		{70403411-0F4A-4123-8F66-49DE01620F42}.Debug|Any CPU.ActiveCfg = Debug|Any CPU
		{70403411-0F4A-4123-8F66-49DE01620F42}.Debug|Any CPU.Build.0 = Debug|Any CPU
		{70403411-0F4A-4123-8F66-49DE01620F42}.Release|Any CPU.ActiveCfg = Release|Any CPU
		{70403411-0F4A-4123-8F66-49DE01620F42}.Release|Any CPU.Build.0 = Release|Any CPU
		{D87ED95B-AB77-4846-AE21-526D4865DD92}.Debug|Any CPU.ActiveCfg = Debug|Any CPU
		{D87ED95B-AB77-4846-AE21-526D4865DD92}.Debug|Any CPU.Build.0 = Debug|Any CPU
		{D87ED95B-AB77-4846-AE21-526D4865DD92}.Release|Any CPU.ActiveCfg = Release|Any CPU
		{D87ED95B-AB77-4846-AE21-526D4865DD92}.Release|Any CPU.Build.0 = Release|Any CPU
		{ADB02C4B-DC24-4F6D-96BE-08B9C4CA022B}.Debug|Any CPU.ActiveCfg = Debug|Any CPU
		{ADB02C4B-DC24-4F6D-96BE-08B9C4CA022B}.Debug|Any CPU.Build.0 = Debug|Any CPU
		{ADB02C4B-DC24-4F6D-96BE-08B9C4CA022B}.Release|Any CPU.ActiveCfg = Release|Any CPU
		{ADB02C4B-DC24-4F6D-96BE-08B9C4CA022B}.Release|Any CPU.Build.0 = Release|Any CPU
		{BE75250D-B9DB-4528-A9ED-6AE99C9F3801}.Debug|Any CPU.ActiveCfg = Debug|Any CPU
		{BE75250D-B9DB-4528-A9ED-6AE99C9F3801}.Debug|Any CPU.Build.0 = Debug|Any CPU
		{BE75250D-B9DB-4528-A9ED-6AE99C9F3801}.Release|Any CPU.ActiveCfg = Release|Any CPU
		{BE75250D-B9DB-4528-A9ED-6AE99C9F3801}.Release|Any CPU.Build.0 = Release|Any CPU
		{37DE752A-DE11-4847-9FF6-ECDC49C52447}.Debug|Any CPU.ActiveCfg = Debug|Any CPU
		{37DE752A-DE11-4847-9FF6-ECDC49C52447}.Debug|Any CPU.Build.0 = Debug|Any CPU
		{37DE752A-DE11-4847-9FF6-ECDC49C52447}.Release|Any CPU.ActiveCfg = Release|Any CPU
		{37DE752A-DE11-4847-9FF6-ECDC49C52447}.Release|Any CPU.Build.0 = Release|Any CPU
		{4395159F-9B2A-498F-867A-32A7D5F0E251}.Debug|Any CPU.ActiveCfg = Debug|Any CPU
		{4395159F-9B2A-498F-867A-32A7D5F0E251}.Debug|Any CPU.Build.0 = Debug|Any CPU
		{4395159F-9B2A-498F-867A-32A7D5F0E251}.Release|Any CPU.ActiveCfg = Release|Any CPU
		{4395159F-9B2A-498F-867A-32A7D5F0E251}.Release|Any CPU.Build.0 = Release|Any CPU
		{D95DC62C-52A7-4666-8043-21AACF8D9FE2}.Debug|Any CPU.ActiveCfg = Debug|Any CPU
		{D95DC62C-52A7-4666-8043-21AACF8D9FE2}.Debug|Any CPU.Build.0 = Debug|Any CPU
		{D95DC62C-52A7-4666-8043-21AACF8D9FE2}.Release|Any CPU.ActiveCfg = Release|Any CPU
		{D95DC62C-52A7-4666-8043-21AACF8D9FE2}.Release|Any CPU.Build.0 = Release|Any CPU
		{4B6FA411-BA88-47A6-8FD5-662E0D5D630D}.Debug|Any CPU.ActiveCfg = Debug|Any CPU
		{4B6FA411-BA88-47A6-8FD5-662E0D5D630D}.Debug|Any CPU.Build.0 = Debug|Any CPU
		{4B6FA411-BA88-47A6-8FD5-662E0D5D630D}.Release|Any CPU.ActiveCfg = Release|Any CPU
		{4B6FA411-BA88-47A6-8FD5-662E0D5D630D}.Release|Any CPU.Build.0 = Release|Any CPU
		{3272815B-8FC4-436B-BB50-CFFE662606A9}.Debug|Any CPU.ActiveCfg = Debug|Any CPU
		{3272815B-8FC4-436B-BB50-CFFE662606A9}.Debug|Any CPU.Build.0 = Debug|Any CPU
		{3272815B-8FC4-436B-BB50-CFFE662606A9}.Release|Any CPU.ActiveCfg = Release|Any CPU
		{3272815B-8FC4-436B-BB50-CFFE662606A9}.Release|Any CPU.Build.0 = Release|Any CPU
		{388B7199-2856-4896-A2CE-552D669343BD}.Debug|Any CPU.ActiveCfg = Debug|Any CPU
		{388B7199-2856-4896-A2CE-552D669343BD}.Debug|Any CPU.Build.0 = Debug|Any CPU
		{388B7199-2856-4896-A2CE-552D669343BD}.Release|Any CPU.ActiveCfg = Release|Any CPU
		{388B7199-2856-4896-A2CE-552D669343BD}.Release|Any CPU.Build.0 = Release|Any CPU
		{17994D57-D08D-4ABB-9E60-BCCDACB7488A}.Debug|Any CPU.ActiveCfg = Debug|Any CPU
		{17994D57-D08D-4ABB-9E60-BCCDACB7488A}.Debug|Any CPU.Build.0 = Debug|Any CPU
		{17994D57-D08D-4ABB-9E60-BCCDACB7488A}.Release|Any CPU.ActiveCfg = Release|Any CPU
		{17994D57-D08D-4ABB-9E60-BCCDACB7488A}.Release|Any CPU.Build.0 = Release|Any CPU
		{9A77CCA8-6B76-4E5E-8069-3A7A2DFC311F}.Debug|Any CPU.ActiveCfg = Debug|Any CPU
		{9A77CCA8-6B76-4E5E-8069-3A7A2DFC311F}.Debug|Any CPU.Build.0 = Debug|Any CPU
		{9A77CCA8-6B76-4E5E-8069-3A7A2DFC311F}.Release|Any CPU.ActiveCfg = Release|Any CPU
		{9A77CCA8-6B76-4E5E-8069-3A7A2DFC311F}.Release|Any CPU.Build.0 = Release|Any CPU
		{0CE319EB-DE8D-4334-A780-7ED947551546}.Debug|Any CPU.ActiveCfg = Debug|Any CPU
		{0CE319EB-DE8D-4334-A780-7ED947551546}.Debug|Any CPU.Build.0 = Debug|Any CPU
		{0CE319EB-DE8D-4334-A780-7ED947551546}.Release|Any CPU.ActiveCfg = Release|Any CPU
		{0CE319EB-DE8D-4334-A780-7ED947551546}.Release|Any CPU.Build.0 = Release|Any CPU
		{9AE23463-DA77-4ABC-A8D3-74129EB51392}.Debug|Any CPU.ActiveCfg = Debug|Any CPU
		{9AE23463-DA77-4ABC-A8D3-74129EB51392}.Debug|Any CPU.Build.0 = Debug|Any CPU
		{9AE23463-DA77-4ABC-A8D3-74129EB51392}.Release|Any CPU.ActiveCfg = Release|Any CPU
		{9AE23463-DA77-4ABC-A8D3-74129EB51392}.Release|Any CPU.Build.0 = Release|Any CPU
		{73BCA928-3DF4-4DC8-B527-1CB08A6B70EF}.Debug|Any CPU.ActiveCfg = Debug|Any CPU
		{73BCA928-3DF4-4DC8-B527-1CB08A6B70EF}.Debug|Any CPU.Build.0 = Debug|Any CPU
		{73BCA928-3DF4-4DC8-B527-1CB08A6B70EF}.Release|Any CPU.ActiveCfg = Release|Any CPU
		{73BCA928-3DF4-4DC8-B527-1CB08A6B70EF}.Release|Any CPU.Build.0 = Release|Any CPU
		{1ABEAB69-0CC5-4EA4-A386-51D622EB25FF}.Debug|Any CPU.ActiveCfg = Debug|Any CPU
		{1ABEAB69-0CC5-4EA4-A386-51D622EB25FF}.Debug|Any CPU.Build.0 = Debug|Any CPU
		{1ABEAB69-0CC5-4EA4-A386-51D622EB25FF}.Release|Any CPU.ActiveCfg = Release|Any CPU
		{1ABEAB69-0CC5-4EA4-A386-51D622EB25FF}.Release|Any CPU.Build.0 = Release|Any CPU
		{B1EE7148-5A11-455E-BFC5-F066938383A6}.Debug|Any CPU.ActiveCfg = Debug|Any CPU
		{B1EE7148-5A11-455E-BFC5-F066938383A6}.Debug|Any CPU.Build.0 = Debug|Any CPU
		{B1EE7148-5A11-455E-BFC5-F066938383A6}.Release|Any CPU.ActiveCfg = Release|Any CPU
		{B1EE7148-5A11-455E-BFC5-F066938383A6}.Release|Any CPU.Build.0 = Release|Any CPU
		{E4F5B963-8BFF-4D33-B5E5-63D7936C8DC0}.Debug|Any CPU.ActiveCfg = Debug|Any CPU
		{E4F5B963-8BFF-4D33-B5E5-63D7936C8DC0}.Debug|Any CPU.Build.0 = Debug|Any CPU
		{E4F5B963-8BFF-4D33-B5E5-63D7936C8DC0}.Release|Any CPU.ActiveCfg = Release|Any CPU
		{E4F5B963-8BFF-4D33-B5E5-63D7936C8DC0}.Release|Any CPU.Build.0 = Release|Any CPU
		{0DE822D9-B1CC-4986-AE41-EE3EABA5A53A}.Debug|Any CPU.ActiveCfg = Debug|Any CPU
		{0DE822D9-B1CC-4986-AE41-EE3EABA5A53A}.Debug|Any CPU.Build.0 = Debug|Any CPU
		{0DE822D9-B1CC-4986-AE41-EE3EABA5A53A}.Release|Any CPU.ActiveCfg = Release|Any CPU
		{0DE822D9-B1CC-4986-AE41-EE3EABA5A53A}.Release|Any CPU.Build.0 = Release|Any CPU
		{7E59C3C8-4DC7-4CDD-9A4C-0EC0BD22CED6}.Debug|Any CPU.ActiveCfg = Debug|Any CPU
		{7E59C3C8-4DC7-4CDD-9A4C-0EC0BD22CED6}.Debug|Any CPU.Build.0 = Debug|Any CPU
		{7E59C3C8-4DC7-4CDD-9A4C-0EC0BD22CED6}.Release|Any CPU.ActiveCfg = Release|Any CPU
		{7E59C3C8-4DC7-4CDD-9A4C-0EC0BD22CED6}.Release|Any CPU.Build.0 = Release|Any CPU
		{7FEFF454-DF34-4A84-A6C4-87E6ED3E4CE3}.Debug|Any CPU.ActiveCfg = Debug|Any CPU
		{7FEFF454-DF34-4A84-A6C4-87E6ED3E4CE3}.Debug|Any CPU.Build.0 = Debug|Any CPU
		{7FEFF454-DF34-4A84-A6C4-87E6ED3E4CE3}.Release|Any CPU.ActiveCfg = Release|Any CPU
		{7FEFF454-DF34-4A84-A6C4-87E6ED3E4CE3}.Release|Any CPU.Build.0 = Release|Any CPU
		{ACFD0329-461A-4070-BBB0-8CA897D9E090}.Debug|Any CPU.ActiveCfg = Debug|Any CPU
		{ACFD0329-461A-4070-BBB0-8CA897D9E090}.Debug|Any CPU.Build.0 = Debug|Any CPU
		{ACFD0329-461A-4070-BBB0-8CA897D9E090}.Release|Any CPU.ActiveCfg = Release|Any CPU
		{ACFD0329-461A-4070-BBB0-8CA897D9E090}.Release|Any CPU.Build.0 = Release|Any CPU
		{858A0536-8AF5-4960-BC86-4C1B464EC69B}.Debug|Any CPU.ActiveCfg = Debug|Any CPU
		{858A0536-8AF5-4960-BC86-4C1B464EC69B}.Debug|Any CPU.Build.0 = Debug|Any CPU
		{858A0536-8AF5-4960-BC86-4C1B464EC69B}.Release|Any CPU.ActiveCfg = Release|Any CPU
		{858A0536-8AF5-4960-BC86-4C1B464EC69B}.Release|Any CPU.Build.0 = Release|Any CPU
		{5D26EB9D-F3E1-4F51-AB00-8980CF90B6BF}.Debug|Any CPU.ActiveCfg = Debug|Any CPU
		{5D26EB9D-F3E1-4F51-AB00-8980CF90B6BF}.Debug|Any CPU.Build.0 = Debug|Any CPU
		{5D26EB9D-F3E1-4F51-AB00-8980CF90B6BF}.Release|Any CPU.ActiveCfg = Release|Any CPU
		{5D26EB9D-F3E1-4F51-AB00-8980CF90B6BF}.Release|Any CPU.Build.0 = Release|Any CPU
		{6BBDA219-AA1C-4FD9-8A4A-F4C69A5D332E}.Debug|Any CPU.ActiveCfg = Debug|Any CPU
		{6BBDA219-AA1C-4FD9-8A4A-F4C69A5D332E}.Debug|Any CPU.Build.0 = Debug|Any CPU
		{6BBDA219-AA1C-4FD9-8A4A-F4C69A5D332E}.Release|Any CPU.ActiveCfg = Release|Any CPU
		{6BBDA219-AA1C-4FD9-8A4A-F4C69A5D332E}.Release|Any CPU.Build.0 = Release|Any CPU
		{10F39BCA-620E-4F17-9A39-515FE73E5E33}.Debug|Any CPU.ActiveCfg = Debug|Any CPU
		{10F39BCA-620E-4F17-9A39-515FE73E5E33}.Debug|Any CPU.Build.0 = Debug|Any CPU
		{10F39BCA-620E-4F17-9A39-515FE73E5E33}.Release|Any CPU.ActiveCfg = Release|Any CPU
		{10F39BCA-620E-4F17-9A39-515FE73E5E33}.Release|Any CPU.Build.0 = Release|Any CPU
		{40BC5C93-71D9-45D8-B3B5-8C54D09AAEC9}.Debug|Any CPU.ActiveCfg = Debug|Any CPU
		{40BC5C93-71D9-45D8-B3B5-8C54D09AAEC9}.Debug|Any CPU.Build.0 = Debug|Any CPU
		{40BC5C93-71D9-45D8-B3B5-8C54D09AAEC9}.Release|Any CPU.ActiveCfg = Release|Any CPU
		{40BC5C93-71D9-45D8-B3B5-8C54D09AAEC9}.Release|Any CPU.Build.0 = Release|Any CPU
		{0F09107C-8A4D-4112-A0D2-3ECD79D2CEED}.Debug|Any CPU.ActiveCfg = Debug|Any CPU
		{0F09107C-8A4D-4112-A0D2-3ECD79D2CEED}.Debug|Any CPU.Build.0 = Debug|Any CPU
		{0F09107C-8A4D-4112-A0D2-3ECD79D2CEED}.Release|Any CPU.ActiveCfg = Release|Any CPU
		{0F09107C-8A4D-4112-A0D2-3ECD79D2CEED}.Release|Any CPU.Build.0 = Release|Any CPU
		{846C48A7-E3D3-4433-BC81-FD8D6604F5C3}.Debug|Any CPU.ActiveCfg = Debug|Any CPU
		{846C48A7-E3D3-4433-BC81-FD8D6604F5C3}.Debug|Any CPU.Build.0 = Debug|Any CPU
		{846C48A7-E3D3-4433-BC81-FD8D6604F5C3}.Release|Any CPU.ActiveCfg = Release|Any CPU
		{846C48A7-E3D3-4433-BC81-FD8D6604F5C3}.Release|Any CPU.Build.0 = Release|Any CPU
		{92E8302D-49C8-40C2-B2CF-38ECD16FFC20}.Debug|Any CPU.ActiveCfg = Debug|Any CPU
		{92E8302D-49C8-40C2-B2CF-38ECD16FFC20}.Debug|Any CPU.Build.0 = Debug|Any CPU
		{92E8302D-49C8-40C2-B2CF-38ECD16FFC20}.Release|Any CPU.ActiveCfg = Release|Any CPU
		{92E8302D-49C8-40C2-B2CF-38ECD16FFC20}.Release|Any CPU.Build.0 = Release|Any CPU
		{EA59AC54-859A-46FE-A0D3-B805BC3CBA9D}.Debug|Any CPU.ActiveCfg = Debug|Any CPU
		{EA59AC54-859A-46FE-A0D3-B805BC3CBA9D}.Debug|Any CPU.Build.0 = Debug|Any CPU
		{EA59AC54-859A-46FE-A0D3-B805BC3CBA9D}.Release|Any CPU.ActiveCfg = Release|Any CPU
		{EA59AC54-859A-46FE-A0D3-B805BC3CBA9D}.Release|Any CPU.Build.0 = Release|Any CPU
	EndGlobalSection
	GlobalSection(SolutionProperties) = preSolution
		HideSolutionNode = FALSE
	EndGlobalSection
	GlobalSection(NestedProjects) = preSolution
		{5E689836-860A-4B56-BDED-6B98C9A1776F} = {E962DE98-DCE8-48F6-924D-ACCCD08085F9}
		{E962DE98-DCE8-48F6-924D-ACCCD08085F9} = {57FBC267-44E9-41E0-8185-D100342040E5}
		{3AB37651-F7BF-4EB5-96BE-4427F23F53F6} = {E962DE98-DCE8-48F6-924D-ACCCD08085F9}
		{4BEB66E9-3545-47C9-B6E1-601D1B4660EB} = {E962DE98-DCE8-48F6-924D-ACCCD08085F9}
		{27E64FB8-1F71-41E7-8689-BBA9891479D8} = {3872C65C-A580-4E09-A666-2278F56901D8}
		{27C62379-0BBC-43B8-9FCE-2803699D4703} = {56903EDD-F77B-47EA-90E3-7FB0E6B162BB}
		{A5F3175F-ACC7-4E7C-9B51-B621C91B444D} = {56903EDD-F77B-47EA-90E3-7FB0E6B162BB}
		{04828D2C-4B29-40B9-A1F2-EAB23CED7369} = {3872C65C-A580-4E09-A666-2278F56901D8}
		{600CE07B-4713-49F4-B7F7-233130192757} = {56903EDD-F77B-47EA-90E3-7FB0E6B162BB}
		{C27C3869-8E2B-4B98-80B4-8AB65F296C7F} = {57FBC267-44E9-41E0-8185-D100342040E5}
		{AEC11A94-E9DE-48EF-AB77-6E199500BE31} = {C27C3869-8E2B-4B98-80B4-8AB65F296C7F}
		{214B471B-EC78-41CA-B7D9-F4271D353922} = {C27C3869-8E2B-4B98-80B4-8AB65F296C7F}
		{71FD49AC-7FCD-4830-ADC9-C984EBEB1E59} = {C27C3869-8E2B-4B98-80B4-8AB65F296C7F}
		{548597B4-C98C-4579-8EED-7FFC84578F56} = {56903EDD-F77B-47EA-90E3-7FB0E6B162BB}
		{51275A87-B389-4CDD-AB4B-CB461D3977EB} = {57FBC267-44E9-41E0-8185-D100342040E5}
		{7C8D57B2-7862-4C12-9C91-115EF2C8EB7C} = {51275A87-B389-4CDD-AB4B-CB461D3977EB}
		{1248D579-7683-4A43-A0B9-1EB9E39FA4A5} = {51275A87-B389-4CDD-AB4B-CB461D3977EB}
		{985A59B7-FB5B-4E17-81D6-8F53322A7269} = {51275A87-B389-4CDD-AB4B-CB461D3977EB}
		{2C284216-64AF-4538-A09F-81950BA7BC5E} = {57FBC267-44E9-41E0-8185-D100342040E5}
		{C91CD2BE-79F2-4B1F-9F70-2816CF8A657F} = {2C284216-64AF-4538-A09F-81950BA7BC5E}
		{4B3E72DC-3F21-4A46-BC57-6774B4D85538} = {2C284216-64AF-4538-A09F-81950BA7BC5E}
		{C13B6614-0786-49C6-B35B-ED413E0C8E6B} = {2C284216-64AF-4538-A09F-81950BA7BC5E}
		{241762B0-727F-4E48-AEA9-B1882A13A5A2} = {57FBC267-44E9-41E0-8185-D100342040E5}
		{9C571D00-817C-4C5D-87B4-78A74174F78B} = {57FBC267-44E9-41E0-8185-D100342040E5}
		{C1786A5F-144F-47F9-B987-49E0E991292C} = {57FBC267-44E9-41E0-8185-D100342040E5}
		{33AE99AF-35D1-48A2-91BA-AAC7CFE71ECA} = {241762B0-727F-4E48-AEA9-B1882A13A5A2}
		{91784FCF-F2AC-48D4-997D-18801B8871D7} = {241762B0-727F-4E48-AEA9-B1882A13A5A2}
		{15DB640C-7C52-4F84-B5B5-218E7D3878CC} = {241762B0-727F-4E48-AEA9-B1882A13A5A2}
		{D1475D4A-5250-4833-A368-423E281F1A58} = {C1786A5F-144F-47F9-B987-49E0E991292C}
		{9651571A-FF76-4F87-A152-53A7BA9AFCA1} = {C1786A5F-144F-47F9-B987-49E0E991292C}
		{F20BE3D9-4831-40D3-8CAC-CB15DDBDFE6B} = {9C571D00-817C-4C5D-87B4-78A74174F78B}
		{20E0FC11-0B7E-4790-A4C6-62296A417CDF} = {9C571D00-817C-4C5D-87B4-78A74174F78B}
		{13668639-15C4-46AF-B391-986A118AED08} = {9C571D00-817C-4C5D-87B4-78A74174F78B}
		{14E62EEA-6468-4E95-9B68-DBD6055522D3} = {57FBC267-44E9-41E0-8185-D100342040E5}
		{8F5EDDAE-822E-4D0E-928E-0799B2828ADF} = {14E62EEA-6468-4E95-9B68-DBD6055522D3}
		{A70D1DFC-E084-496C-BD4F-C8033F388783} = {14E62EEA-6468-4E95-9B68-DBD6055522D3}
		{989E2D22-BB88-4E1B-A483-B373A819E009} = {14E62EEA-6468-4E95-9B68-DBD6055522D3}
		{6147145D-DC6C-42F1-A49D-6E01823528FA} = {89B3DBDB-DF1F-469D-999E-7FFB3F1299BA}
		{23679F9F-6F6D-4695-8303-71920017E81A} = {89B3DBDB-DF1F-469D-999E-7FFB3F1299BA}
		{9DD68305-B90B-4B7E-8941-84F06FB72D2E} = {89B3DBDB-DF1F-469D-999E-7FFB3F1299BA}
		{31D5F5D5-B3AF-417F-B993-DD1C881C09D2} = {23679F9F-6F6D-4695-8303-71920017E81A}
		{FA994155-65C6-434D-996F-04FBC6F37F44} = {9DD68305-B90B-4B7E-8941-84F06FB72D2E}
		{ED4BF779-CD97-439E-9D2F-32985A6C8E1F} = {9DD68305-B90B-4B7E-8941-84F06FB72D2E}
		{4E8FFB18-6D50-4897-9405-6ACABCBF5C7E} = {9DD68305-B90B-4B7E-8941-84F06FB72D2E}
		{AF399852-B3C5-45D4-95C9-AC124459531B} = {9DD68305-B90B-4B7E-8941-84F06FB72D2E}
		{6304ED60-B758-44A4-8566-E89418585929} = {9DD68305-B90B-4B7E-8941-84F06FB72D2E}
		{40A7ABC0-A99C-4C69-AC62-145C6B5479A4} = {9DD68305-B90B-4B7E-8941-84F06FB72D2E}
		{9A40896B-DF60-428A-8189-E89740D83694} = {9DD68305-B90B-4B7E-8941-84F06FB72D2E}
		{1851BA3C-5A08-40C2-ACD5-C8DD234DE587} = {9DD68305-B90B-4B7E-8941-84F06FB72D2E}
		{F0AFECF2-B1DA-4E4C-BF29-71247021BA81} = {9DD68305-B90B-4B7E-8941-84F06FB72D2E}
		{92783B26-15DB-4AAD-A080-E9B8FDA17283} = {9DD68305-B90B-4B7E-8941-84F06FB72D2E}
		{F6358447-6253-4F33-9B3A-F011406FF19D} = {9DD68305-B90B-4B7E-8941-84F06FB72D2E}
		{70403411-0F4A-4123-8F66-49DE01620F42} = {9DD68305-B90B-4B7E-8941-84F06FB72D2E}
		{D87ED95B-AB77-4846-AE21-526D4865DD92} = {9DD68305-B90B-4B7E-8941-84F06FB72D2E}
		{ADB02C4B-DC24-4F6D-96BE-08B9C4CA022B} = {9DD68305-B90B-4B7E-8941-84F06FB72D2E}
		{BE75250D-B9DB-4528-A9ED-6AE99C9F3801} = {9DD68305-B90B-4B7E-8941-84F06FB72D2E}
		{37DE752A-DE11-4847-9FF6-ECDC49C52447} = {9DD68305-B90B-4B7E-8941-84F06FB72D2E}
		{4395159F-9B2A-498F-867A-32A7D5F0E251} = {9DD68305-B90B-4B7E-8941-84F06FB72D2E}
		{D95DC62C-52A7-4666-8043-21AACF8D9FE2} = {9DD68305-B90B-4B7E-8941-84F06FB72D2E}
		{4B6FA411-BA88-47A6-8FD5-662E0D5D630D} = {9DD68305-B90B-4B7E-8941-84F06FB72D2E}
		{3272815B-8FC4-436B-BB50-CFFE662606A9} = {6147145D-DC6C-42F1-A49D-6E01823528FA}
		{388B7199-2856-4896-A2CE-552D669343BD} = {6147145D-DC6C-42F1-A49D-6E01823528FA}
		{17994D57-D08D-4ABB-9E60-BCCDACB7488A} = {6147145D-DC6C-42F1-A49D-6E01823528FA}
		{9A77CCA8-6B76-4E5E-8069-3A7A2DFC311F} = {6147145D-DC6C-42F1-A49D-6E01823528FA}
		{0CE319EB-DE8D-4334-A780-7ED947551546} = {6147145D-DC6C-42F1-A49D-6E01823528FA}
		{9AE23463-DA77-4ABC-A8D3-74129EB51392} = {6147145D-DC6C-42F1-A49D-6E01823528FA}
		{73BCA928-3DF4-4DC8-B527-1CB08A6B70EF} = {6147145D-DC6C-42F1-A49D-6E01823528FA}
		{1ABEAB69-0CC5-4EA4-A386-51D622EB25FF} = {6147145D-DC6C-42F1-A49D-6E01823528FA}
		{B1EE7148-5A11-455E-BFC5-F066938383A6} = {6147145D-DC6C-42F1-A49D-6E01823528FA}
		{E4F5B963-8BFF-4D33-B5E5-63D7936C8DC0} = {6147145D-DC6C-42F1-A49D-6E01823528FA}
		{0DE822D9-B1CC-4986-AE41-EE3EABA5A53A} = {6147145D-DC6C-42F1-A49D-6E01823528FA}
		{7E59C3C8-4DC7-4CDD-9A4C-0EC0BD22CED6} = {6147145D-DC6C-42F1-A49D-6E01823528FA}
		{7FEFF454-DF34-4A84-A6C4-87E6ED3E4CE3} = {6147145D-DC6C-42F1-A49D-6E01823528FA}
		{ACFD0329-461A-4070-BBB0-8CA897D9E090} = {6147145D-DC6C-42F1-A49D-6E01823528FA}
		{858A0536-8AF5-4960-BC86-4C1B464EC69B} = {C1786A5F-144F-47F9-B987-49E0E991292C}
		{5D26EB9D-F3E1-4F51-AB00-8980CF90B6BF} = {9DD68305-B90B-4B7E-8941-84F06FB72D2E}
		{6BBDA219-AA1C-4FD9-8A4A-F4C69A5D332E} = {9DD68305-B90B-4B7E-8941-84F06FB72D2E}
		{10F39BCA-620E-4F17-9A39-515FE73E5E33} = {56903EDD-F77B-47EA-90E3-7FB0E6B162BB}
		{40BC5C93-71D9-45D8-B3B5-8C54D09AAEC9} = {9DD68305-B90B-4B7E-8941-84F06FB72D2E}
		{E826A0CC-EF33-42ED-A198-AA4F97551D10} = {89B3DBDB-DF1F-469D-999E-7FFB3F1299BA}
		{0F09107C-8A4D-4112-A0D2-3ECD79D2CEED} = {E826A0CC-EF33-42ED-A198-AA4F97551D10}
		{D4E254A9-4594-4888-A486-13D0EA2EC556} = {57FBC267-44E9-41E0-8185-D100342040E5}
		{846C48A7-E3D3-4433-BC81-FD8D6604F5C3} = {D4E254A9-4594-4888-A486-13D0EA2EC556}
		{92E8302D-49C8-40C2-B2CF-38ECD16FFC20} = {D4E254A9-4594-4888-A486-13D0EA2EC556}
		{EA59AC54-859A-46FE-A0D3-B805BC3CBA9D} = {D4E254A9-4594-4888-A486-13D0EA2EC556}
	EndGlobalSection
	GlobalSection(ExtensibilityGlobals) = postSolution
		SolutionGuid = {38DCB30F-ABEA-4265-B784-5DFED0EDB8AE}
	EndGlobalSection
EndGlobal
